github.com/Gipcomp/win32 v0.0.0-20211025134203-fe889e073b13 h1:qUwa2H7DJN99dp4BzRYiA5O3o3UxqIA/2ztzxX70fLQ=
github.com/Gipcomp/win32 v0.0.0-20211025134203-fe889e073b13/go.mod h1:Gbq1F5f5ChenfLcbREUJoXyTpYtBdofqBLknL3BeSGA=
github.com/Gipcomp/winapi v0.0.0-20211028123140-684763e063c6 h1:Fp7hM0hHrfkg3QJ+4iG07+D5N/ubx92orSQnOBXlaxc=
github.com/Gipcomp/winapi v0.0.0-20211028123140-684763e063c6/go.mod h1:h6ixdJ/fpAlC6N9JAi1+iQWNkIvosS0RRmOYoV0KQp8=
github.com/mitchellh/mapstructure v1.4.2 h1:6h7AQ0yhTcIsmFmnAwQls75jp2Gzs4iB8W7pjMO+rqo=
github.com/mitchellh/mapstructure v1.4.2/go.mod h1:bFUtVrKA4DC2yAKiSyO/QUcy7e+RRV2QTWOzhPopBRo=
github.com/progrium/macdriver v0.1.0 h1:2qhpRvd/kgvb6fO1Kj+CunvOLzN7FEWdT5cfFT4pug4=
github.com/progrium/macdriver v0.1.0/go.mod h1:xoLI1QJC1rRG03jXv66hf5T+ybX5fR6lLLqKUUEqt3o=
github.com/progrium/qtalk-go v0.5.0 h1:4ZWIWQtDuYx/l89Jyf//xQWbomoctA/7mTkMj588gqI=
github.com/progrium/qtalk-go v0.5.0/go.mod h1:vBfnZmpi9OTX/xNKQ6VOeq6uiaG3B4mhXI39K62bvn8=
github.com/rs/xid v1.3.0 h1:6NjYksEUlhurdVehpc7S7dk6DAmcKv8V9gG0FsVN2U4=
github.com/rs/xid v1.3.0/go.mod h1:trrq9SKmegXys3aeAKXMUTdJsYXVwGY3RLcfgqegfbg=
golang.org/x/net v0.0.0-20210420210106-798c2154c571 h1:Q6Bg8xzKzpFPU4Oi1sBnBTHBwlMsLeEXpu4hYBY8rAg=
golang.org/x/net v0.0.0-20210420210106-798c2154c571/go.mod h1:72T/g9IO56b78aLF+1Kcs5dz7/ng1VjMUvfKvpfy+jM=
golang.org/x/sys v0.0.0-20201119102817-f84b799fce68/go.mod h1:h1NjWce9XRLGQEsW7wpKNCjG9DtNlClVuFLEZdDNbEs=
golang.org/x/sys v0.0.0-20210420072515-93ed5bcd2bfe/go.mod h1:h1NjWce9XRLGQEsW7wpKNCjG9DtNlClVuFLEZdDNbEs=
golang.org/x/sys v0.0.0-20211007075335-d3039528d8ac/go.mod h1:oPkhp1MJrh7nUepCBck5+mAzfO9JrbApNNgaTdGDITg=
golang.org/x/sys v0.0.0-20211025112917-711f33c9992c h1:i4MLwL3EbCgobekQtkVW94UBSPLMadfEGtKq+CAFsEU=
golang.org/x/sys v0.0.0-20211025112917-711f33c9992c/go.mod h1:oPkhp1MJrh7nUepCBck5+mAzfO9JrbApNNgaTdGDITg=
golang.org/x/term v0.0.0-20201126162022-7de9c90e9dd1/go.mod h1:bj7SfCRtBDWHUb9snDiAeCFNEtKQo2Wmx5Cou7ajbmo=
golang.org/x/text v0.3.6/go.mod h1:5Zoc/QRtKVWzQhOtBMvqHzDpF6irO9z98xDceosuGiQ=
golang.org/x/tools v0.0.0-20180917221912-90fa682c2a6e/go.mod h1:n7NCudcB/nEzxVGmLbDWY5pfWTLqBcC2KZ6jyYvM4mQ=
gopkg.in/Knetic/govaluate.v3 v3.0.0 h1:18mUyIt4ZlRlFZAAfVetz4/rzlJs9yhN+U02F4u1AOc=
gopkg.in/Knetic/govaluate.v3 v3.0.0/go.mod h1:csKLBORsPbafmSCGTEh3U7Ozmsuq8ZSIlKk1bcqph0E=
